{
  "version": "3",
  "packages": {
    "specifiers": {
      "npm:fast-check@3.14.0": "npm:fast-check@3.14.0"
    },
    "npm": {
      "fast-check@3.14.0": {
        "integrity": "sha512-9Z0zqASzDNjXBox/ileV/fd+4P+V/f3o4shM6QawvcdLFh8yjPG4h5BrHUZ8yzY6amKGDTAmRMyb/JZqe+dCgw==",
        "dependencies": {
          "pure-rand": "pure-rand@6.0.4"
        }
      },
      "pure-rand@6.0.4": {
        "integrity": "sha512-LA0Y9kxMYv47GIPJy6MI84fqTd2HmYZI83W/kM/SkKfDlajnZYfmXFTxkbY+xSBPkLJxltMa9hIkmdc29eguMA==",
        "dependencies": {}
      }
    }
  },
  "redirects": {
    "https://deno.land/x/copb/mod.ts": "https://deno.land/x/copb@v1.0.1/mod.ts"
  },
  "remote": {
    "https://deno.land/std@0.196.0/assert/assert.ts": "9a97dad6d98c238938e7540736b826440ad8c1c1e54430ca4c4e623e585607ee",
    "https://deno.land/std@0.196.0/assert/assertion_error.ts": "4d0bde9b374dfbcbe8ac23f54f567b77024fb67dbb1906a852d67fe050d42f56",
    "https://deno.land/std@0.196.0/console/_data.json": "cf2cc9d039a192b3adbfe64627167c7e6212704c888c25c769fc8f1709e1e1b8",
    "https://deno.land/std@0.196.0/console/_rle.ts": "56668d5c44f964f1b4ff93f21c9896df42d6ee4394e814db52d6d13f5bb247c7",
    "https://deno.land/std@0.196.0/console/unicode_width.ts": "10661c0f2eeab802d16b8b85ed8825bbc573991bbfb6affed32dc1ff994f54f9",
    "https://deno.land/std@0.196.0/fmt/colors.ts": "a7eecffdf3d1d54db890723b303847b6e0a1ab4b528ba6958b8f2e754cf1b3bc",
    "https://deno.land/std@0.208.0/assert/_constants.ts": "8a9da298c26750b28b326b297316cdde860bc237533b07e1337c021379e6b2a9",
    "https://deno.land/std@0.208.0/assert/_diff.ts": "58e1461cc61d8eb1eacbf2a010932bf6a05b79344b02ca38095f9b805795dc48",
    "https://deno.land/std@0.208.0/assert/_format.ts": "a69126e8a469009adf4cf2a50af889aca364c349797e63174884a52ff75cf4c7",
    "https://deno.land/std@0.208.0/assert/assert_equals.ts": "d8ec8a22447fbaf2fc9d7c3ed2e66790fdb74beae3e482855d75782218d68227",
    "https://deno.land/std@0.208.0/assert/assertion_error.ts": "4d0bde9b374dfbcbe8ac23f54f567b77024fb67dbb1906a852d67fe050d42f56",
    "https://deno.land/std@0.208.0/assert/equal.ts": "9f1a46d5993966d2596c44e5858eec821859b45f783a5ee2f7a695dfc12d8ece",
    "https://deno.land/std@0.208.0/collections/aggregate_groups.ts": "2ed1698695e7b4877afa2281ad10ce3ce67395aa7479e98cc2ebb751add1c4e9",
    "https://deno.land/std@0.208.0/collections/distinct_by.ts": "3afe11d81eafb30c7c9dbf568d94357f3d88153292c00671b72cd695deae6602",
    "https://deno.land/std@0.208.0/collections/map_entries.ts": "282b0e5141fbe73a45903674597fb10ec2b211fab8cbac85874eebd97f522a62",
    "https://deno.land/std@0.208.0/collections/map_values.ts": "c88f306b2b3ec84043e16ab4e1b062055ab32cf4d68bb1d7447afaafa0a1b3bf",
    "https://deno.land/std@0.208.0/collections/min_of.ts": "cd322ddb383a8a32eef581f7178eb3960267195014b60e31f345bd333a9e88ba",
    "https://deno.land/std@0.208.0/collections/zip.ts": "fcdae5d8d287d183a8bced53e250452aa9fdc65b8c7e518d3741ac3a42e35eca",
    "https://deno.land/std@0.208.0/dotenv/mod.ts": "039468f5c87d39b69d7ca6c3d68ebca82f206ec0ff5e011d48205eea292ea5a6",
    "https://deno.land/std@0.208.0/fmt/colors.ts": "34b3f77432925eb72cf0bfb351616949746768620b8e5ead66da532f93d10ba2",
    "https://deno.land/std@0.208.0/path/_common/assert_path.ts": "061e4d093d4ba5aebceb2c4da3318bfe3289e868570e9d3a8e327d91c2958946",
    "https://deno.land/std@0.208.0/path/_common/basename.ts": "0d978ff818f339cd3b1d09dc914881f4d15617432ae519c1b8fdc09ff8d3789a",
    "https://deno.land/std@0.208.0/path/_common/constants.ts": "e49961f6f4f48039c0dfed3c3f93e963ca3d92791c9d478ac5b43183413136e0",
    "https://deno.land/std@0.208.0/path/_common/strip_trailing_separators.ts": "7ffc7c287e97bdeeee31b155828686967f222cd73f9e5780bfe7dfb1b58c6c65",
    "https://deno.land/std@0.208.0/path/_os.ts": "30b0c2875f360c9296dbe6b7f2d528f0f9c741cecad2e97f803f5219e91b40a2",
    "https://deno.land/std@0.208.0/path/basename.ts": "04bb5ef3e86bba8a35603b8f3b69537112cdd19ce64b77f2522006da2977a5f3",
    "https://deno.land/std@0.208.0/path/posix/_util.ts": "ecf49560fedd7dd376c6156cc5565cad97c1abe9824f4417adebc7acc36c93e5",
    "https://deno.land/std@0.208.0/path/posix/basename.ts": "a630aeb8fd8e27356b1823b9dedd505e30085015407caa3396332752f6b8406a",
    "https://deno.land/std@0.208.0/path/windows/_util.ts": "f32b9444554c8863b9b4814025c700492a2b57ff2369d015360970a1b1099d54",
    "https://deno.land/std@0.208.0/path/windows/basename.ts": "8a9dbf7353d50afbc5b221af36c02a72c2d1b2b5b9f7c65bf6a5a2a0baf88ad3",
    "https://deno.land/x/asynciter@0.0.18/asynciter.ts": "8b0a25e426e0c747dadb15123c450e676b389ac24b480fb075a61f971ebdc673",
    "https://deno.land/x/asynciter@0.0.18/collect.ts": "dea80ad4df11603912cad276a211671d67539dbcf7e627de99d11b2dd90a66fe",
    "https://deno.land/x/asynciter@0.0.18/concurrent-map.ts": "8503926d0801981d2041127f5966cb34878ee54ca21a1a85e1e0727950311eaf",
    "https://deno.land/x/asynciter@0.0.18/filter.ts": "a82a1a1bc952d62b5f45048887382d9d05bdcf4f5f29b876e50607b66a83e866",
    "https://deno.land/x/asynciter@0.0.18/first.ts": "cf5e9924b4aecc98ff5358e260cca5aadba052d060b7d33793749e84169b8aa4",
    "https://deno.land/x/asynciter@0.0.18/flatten.ts": "354be48cd754e5277b237c4dfb4ce98f177b40f3975b671ba70603a4c3d52a2e",
    "https://deno.land/x/asynciter@0.0.18/for-each.ts": "213a0aa26439edc20fbf6350c3f0ccb38187a0b41875fa0e973a3eaf154aeae1",
    "https://deno.land/x/asynciter@0.0.18/map.ts": "862688e7ad18d96011aab9be0bf98cea98ac26fe2a8872373bceb6cbb9fea89e",
    "https://deno.land/x/asynciter@0.0.18/mod.ts": "03c709ac8604e86af0f6277bafef611aa317d9f5cf2e54b97671354e0c9f22d5",
    "https://deno.land/x/asynciter@0.0.18/reduce.ts": "e3a7bbb52626f445c502eee237c5f5f71c8a220b614e2cf93276c23386964737",
    "https://deno.land/x/cliffy@v1.0.0-rc.3/_utils/distance.ts": "02af166952c7c358ac83beae397aa2fbca4ad630aecfcd38d92edb1ea429f004",
    "https://deno.land/x/cliffy@v1.0.0-rc.3/command/_argument_types.ts": "ab269dacea2030f865a07c2a1e953ec437a64419a05bad1f1ddaab3f99752ead",
    "https://deno.land/x/cliffy@v1.0.0-rc.3/command/_errors.ts": "12d513ff401020287a344e0830e1297ce1c80c077ecb91e0ac5db44d04a6019c",
    "https://deno.land/x/cliffy@v1.0.0-rc.3/command/_spread.ts": "0cc6eb70a6df97b5d7d26008822d39f3e8a1232ee0a27f395aa19e68de738245",
    "https://deno.land/x/cliffy@v1.0.0-rc.3/command/_type_utils.ts": "820004a59bc858e355b11f80e5b3ff1be2c87e66f31f53f253610170795602f0",
    "https://deno.land/x/cliffy@v1.0.0-rc.3/command/_utils.ts": "3c88ff4f36eba298beb07de08068fdce5e5cb7b9d82c8a319f09596d8279be64",
    "https://deno.land/x/cliffy@v1.0.0-rc.3/command/command.ts": "ae690745759524082776b7f271f66d5b93933170b1b132f888bd4ac12e9fdd7d",
    "https://deno.land/x/cliffy@v1.0.0-rc.3/command/deps.ts": "7473ebd5625bf901becd7ff80afdde3b8a50ae5d1bbfa2f43805cfacf4559d5a",
    "https://deno.land/x/cliffy@v1.0.0-rc.3/command/help/_help_generator.ts": "532dd4a928baab8b45ce46bb6d20e2ebacfdf3da141ce9d12da796652b1de478",
    "https://deno.land/x/cliffy@v1.0.0-rc.3/command/type.ts": "f588f5d9635b79100044e62aced4b00e510e75b83801f9b089c40c2d98674de2",
    "https://deno.land/x/cliffy@v1.0.0-rc.3/command/types.ts": "bc9ff7459b9cc1079eeb95ff101690a51b4b4afa4af5623340076ee361d08dbb",
    "https://deno.land/x/cliffy@v1.0.0-rc.3/command/types/boolean.ts": "3879ec16092b4b5b1a0acb8675f8c9250c0b8a972e1e4c7adfba8335bd2263ed",
    "https://deno.land/x/cliffy@v1.0.0-rc.3/command/types/file.ts": "8618f16ac9015c8589cbd946b3de1988cc4899b90ea251f3325c93c46745140e",
    "https://deno.land/x/cliffy@v1.0.0-rc.3/command/types/integer.ts": "29864725fd48738579d18123d7ee78fed37515e6dc62146c7544c98a82f1778d",
    "https://deno.land/x/cliffy@v1.0.0-rc.3/command/types/number.ts": "aeba96e6f470309317a16b308c82e0e4138a830ec79c9877e4622c682012bc1f",
    "https://deno.land/x/cliffy@v1.0.0-rc.3/command/types/string.ts": "e4dadb08a11795474871c7967beab954593813bb53d9f69ea5f9b734e43dc0e0",
    "https://deno.land/x/cliffy@v1.0.0-rc.3/command/upgrade/_check_version.ts": "6cfa7dc26bc0dc46381500e8d4b130fb224f4c5456152dada15bd3793edca89b",
    "https://deno.land/x/cliffy@v1.0.0-rc.3/flags/_errors.ts": "f1fbb6bfa009e7950508c9d491cfb4a5551027d9f453389606adb3f2327d048f",
    "https://deno.land/x/cliffy@v1.0.0-rc.3/flags/_utils.ts": "340d3ecab43cde9489187e1f176504d2c58485df6652d1cdd907c0e9c3ce4cc2",
    "https://deno.land/x/cliffy@v1.0.0-rc.3/flags/_validate_flags.ts": "e60b9038c0136ab7e6bd1baf0e993a07bf23f18afbfb6e12c59adf665a622957",
    "https://deno.land/x/cliffy@v1.0.0-rc.3/flags/deprecated.ts": "a72a35de3cc7314e5ebea605ca23d08385b218ef171c32a3f135fb4318b08126",
    "https://deno.land/x/cliffy@v1.0.0-rc.3/flags/flags.ts": "3e62c4a9756b5705aada29e7e94847001356b3a83cd18ad56f4207387a71cf51",
    "https://deno.land/x/cliffy@v1.0.0-rc.3/flags/types.ts": "9e2f75edff2217d972fc711a21676a59dfd88378da2f1ace440ea84c07db1dcc",
    "https://deno.land/x/cliffy@v1.0.0-rc.3/flags/types/boolean.ts": "4c026dd66ec9c5436860dc6d0241427bdb8d8e07337ad71b33c08193428a2236",
    "https://deno.land/x/cliffy@v1.0.0-rc.3/flags/types/integer.ts": "b60d4d590f309ddddf066782d43e4dc3799f0e7d08e5ede7dc62a5ee94b9a6d9",
    "https://deno.land/x/cliffy@v1.0.0-rc.3/flags/types/number.ts": "610936e2d29de7c8c304b65489a75ebae17b005c6122c24e791fbed12444d51e",
    "https://deno.land/x/cliffy@v1.0.0-rc.3/flags/types/string.ts": "e89b6a5ce322f65a894edecdc48b44956ec246a1d881f03e97bbda90dd8638c5",
    "https://deno.land/x/cliffy@v1.0.0-rc.3/table/_layout.ts": "e4a518da28333de95ad791208b9930025987c8b93d5f8b7f30b377b3e26b24e1",
    "https://deno.land/x/cliffy@v1.0.0-rc.3/table/_utils.ts": "fd48d1a524a42e72aa3ad2eec858a92f5a00728d306c7e8436fba6c34314fee6",
    "https://deno.land/x/cliffy@v1.0.0-rc.3/table/border.ts": "5c6e9ef5078c6930169aacb668b274bdbb498461c724a7693ac9270fe9d3f5d5",
    "https://deno.land/x/cliffy@v1.0.0-rc.3/table/cell.ts": "1ffabd43b6b7fddfac9625cb0d015532e144702a9bfed03b358b79375115d06b",
    "https://deno.land/x/cliffy@v1.0.0-rc.3/table/column.ts": "cf14009f2cb14bad156f879946186c1893acdc6a2fee6845db152edddb6a2714",
    "https://deno.land/x/cliffy@v1.0.0-rc.3/table/consume_words.ts": "456e75755fdf6966abdefb8b783df2855e2a8bad6ddbdf21bd748547c5fc1d4b",
    "https://deno.land/x/cliffy@v1.0.0-rc.3/table/deps.ts": "1226c4d39d53edc81d7c3e661fb8a79f2e704937c276c60355cd4947a0fe9153",
    "https://deno.land/x/cliffy@v1.0.0-rc.3/table/row.ts": "79eb1468aafdd951e5963898cdafe0752d4ab4c519d5f847f3d8ecb8fe857d4f",
    "https://deno.land/x/cliffy@v1.0.0-rc.3/table/table.ts": "298671e72e61f1ab18b42ae36643181993f79e29b39dc411fdc6ffd53aa04684",
    "https://deno.land/x/copb@v1.0.1/lib/copb.ts": "49c807431a38eda063b2f99f69c8ebdb9c316a7fc3957b618932e78bee3361fb",
    "https://deno.land/x/copb@v1.0.1/mod.ts": "664b6af5d0bf0339e3461ac69e6b06f052a322b7bfc1ec2fbc701fb525c56ba3",
    "https://deno.land/x/copb@v1.0.1/version.ts": "e1ce0be2da17592e301891cbffa0f00490c987be292434b852022c81d4d6800e",
    "https://deno.land/x/iter@v3.2.3/fp.ts": "3a1e3f83a6ac03237549ec7024674e81f698de1a78c247740ce7410477aae91e",
    "https://deno.land/x/iter@v3.2.3/lib/combiners.ts": "d8ffa5e9e6d910f9c099bc2ad5d5420f74e7821ee17444279272180793581bd7",
    "https://deno.land/x/iter@v3.2.3/lib/effectors.ts": "e08ab735c39d36a9c7a48b34f0316c99f41a5ef722744517a0fde0375f27b727",
    "https://deno.land/x/iter@v3.2.3/lib/generators.ts": "93626f77f00076b3a558e228eaeacd74acbbb88cf561833774eea899ba6b983f",
    "https://deno.land/x/iter@v3.2.3/lib/internal/util.ts": "7d1b5a3cc0122699c3755bef7af81c71677e9f22c9419e88a5393210c44a348f",
    "https://deno.land/x/iter@v3.2.3/lib/reducers.ts": "a32123d70767ff1701c6a71b4642316b6ce0fb554ea2b223e91d887f006741e3",
    "https://deno.land/x/iter@v3.2.3/lib/transformers.ts": "f0fd7e06ee40b60ba81b5a6be4fb2d1182d367b043c5c61cc366f6b1628a0abd",
    "https://deno.land/x/iter@v3.2.3/lib/types.ts": "a407ea4a09575d3812b851e06f744cc94466d033e2a2e30b7e4e60f83a9128ee",
    "https://deno.land/x/iter@v3.2.3/mod.ts": "efbaa10fc295f2c01002a501339f6f761ee02d1907a982c551b64ab025ac860c",
    "https://deno.land/x/iter@v3.2.3/version.ts": "c047c1655fb129682431a757b462622bf3ca3d2443d31de70f31fc7727da8312",
    "https://deno.land/x/outdent@v0.8.0/mod.ts": "72630e680dcc36d5ae556fbff6900b12706c81a6fd592345fc98bcc0878fb3ca",
    "https://deno.land/x/outdent@v0.8.0/src/index.ts": "6dc3df4108d5d6fedcdb974844d321037ca81eaaa16be6073235ff3268841a22",
    "https://deno.land/x/rimbu@1.0.3/base/arr.ts": "078e4de08bf043688075fdca62929da98e2975f2621b93ce5e3f9e16d0346e14",
    "https://deno.land/x/rimbu@1.0.3/base/entry.ts": "da9db74aad7812549e5056fe945315490085640ec31aa227429caee893af3115",
    "https://deno.land/x/rimbu@1.0.3/base/index.ts": "42bdd404236289946ba66fbe74901c825a3065286f38f5dad710ec8f8535ab92",
    "https://deno.land/x/rimbu@1.0.3/base/internal.ts": "0d422ef86ea9a35e7b96c2f69d3fc2f6b7e02ca2ddc14438222723bc2941dacd",
    "https://deno.land/x/rimbu@1.0.3/base/mod.ts": "882e3724ca160624f934070ead4633e971f81a90dcedc03a428f20769e96307b",
    "https://deno.land/x/rimbu@1.0.3/base/plain-object.ts": "f60ccc185447ecbadaf0e184ebabec92c5c121febaaabb3941efa6334abd281f",
    "https://deno.land/x/rimbu@1.0.3/base/rimbu-error.ts": "bf45e2bd438745b53a11e9841d3047265fa1aba4ab1cc5d379c593db9a9c7f51",
    "https://deno.land/x/rimbu@1.0.3/base/token.ts": "84b0b771d85655ce508fcc3c42276bc00553cffa576ac8c3dc30715b366e6ca5",
    "https://deno.land/x/rimbu@1.0.3/collection-types/common/base.ts": "b98adacc2e7fea0b52691f9a83885611a85c2fc33ae3bd3f304816a26b13609b",
    "https://deno.land/x/rimbu@1.0.3/collection-types/common/index.ts": "bf8c43d40d049ae280fb78b085fce7362f872c536a75ff11943f6911d8b0edb4",
    "https://deno.land/x/rimbu@1.0.3/collection-types/common/types.ts": "b9fd1f7b022651d91272e85f2325e23cdd2a7aca7b1670931a8263e40382d63b",
    "https://deno.land/x/rimbu@1.0.3/collection-types/map-custom/index.ts": "bdcdc6c0eae002c285a9e18dc882bef0af682905b1eedd2336ba8660e0fe7b8b",
    "https://deno.land/x/rimbu@1.0.3/collection-types/map-custom/interface/index.ts": "63a48a55799ba1da819fa0facd83406062625d944b27c389dce5412c34ec8398",
    "https://deno.land/x/rimbu@1.0.3/collection-types/set-custom/index.ts": "a7b1aadd0b04ee5fd3c2f3207e0ef015fdba0124851af39d27039b25ff88f809",
    "https://deno.land/x/rimbu@1.0.3/collection-types/set-custom/interface/base.ts": "bff929086e7abcc76f74229e511f09960e0021320ef8f1906bfcff282e30836b",
    "https://deno.land/x/rimbu@1.0.3/common/async-optlazy.ts": "25cbadf57741e340372e068e2b3dbd5bff3a3e4bfd195f3ecf6ea49253acf640",
    "https://deno.land/x/rimbu@1.0.3/common/async-reducer.ts": "562791439fe913a5d1458b1aaccc58e773b9051b6f509f13a75092801161cb01",
    "https://deno.land/x/rimbu@1.0.3/common/collect.ts": "15258b19d4f6987cfb16a69b3dcd8fabc7f36ea9192fc0076ff0a157f84ec75a",
    "https://deno.land/x/rimbu@1.0.3/common/comp.ts": "23c976c77dada2efe8a519b950d796860d4444db0d5413835792033ff53daf7d",
    "https://deno.land/x/rimbu@1.0.3/common/eq.ts": "30167fc1608623d1d11d1cb6db8818aa4c289cfae6a6e794825cc3961538e8e1",
    "https://deno.land/x/rimbu@1.0.3/common/err.ts": "ba8075e82fa588b9f399012a733cd5cbd80462f8e6691a3250a3ed5ca84db43c",
    "https://deno.land/x/rimbu@1.0.3/common/index-range.ts": "25ee4085bddc054fcc8a3b1e0f3b7fa68321cbc3362946045ebbe1a85b177e12",
    "https://deno.land/x/rimbu@1.0.3/common/index.ts": "9ccba32bf2f6615e276010ca5d916195cb291eb0bbd96f23cf93b7f2bd5c4d94",
    "https://deno.land/x/rimbu@1.0.3/common/internal.ts": "f61122583c9f94b14c417528dafe4e995d620d0aa6473f47b48eb345c5fd4d14",
    "https://deno.land/x/rimbu@1.0.3/common/mod.ts": "882e3724ca160624f934070ead4633e971f81a90dcedc03a428f20769e96307b",
    "https://deno.land/x/rimbu@1.0.3/common/optlazy.ts": "3262f6eedc800583633d63050930cf0916e28d651b98cfff9001d82127f6368d",
    "https://deno.land/x/rimbu@1.0.3/common/range.ts": "07c12345118790f4529d44076e0522c8a2f901f488ecddc1418d98854034c741",
    "https://deno.land/x/rimbu@1.0.3/common/reducer.ts": "b8ec5f16ace033a6d63429fc0378bc9a0f370a1e646e85f67094ec5e0d5e9af3",
    "https://deno.land/x/rimbu@1.0.3/common/traverse-state.ts": "8ba095493358a0685dc8f7897afb9cbeefc3b5b785012560ed27d164b67f6d63",
    "https://deno.land/x/rimbu@1.0.3/common/types.ts": "cce34c2c1d529f708debef3ebcd6b1d2846a44290db2d9cfd40a67d5263216c4",
    "https://deno.land/x/rimbu@1.0.3/common/update.ts": "5eee159b3e35cac40ef72bbd0cb079535a301aedb6aa3577012b3e68271452e7",
    "https://deno.land/x/rimbu@1.0.3/graph/custom/common/implementation/base.ts": "6b35e64f8000887a5848b2c7cbad2406bd174aaf930c51c0e91a0bc6795762eb",
    "https://deno.land/x/rimbu@1.0.3/graph/custom/common/index.ts": "5add9691fb1455cd56d1977d171e0e048ef0bcbb2f7933f71d45d045bb2e72f0",
    "https://deno.land/x/rimbu@1.0.3/graph/custom/common/interface/graph-base.ts": "e8ed2295abbec30444d75f916845fbf24012195ddf83402ee530f999761fd543",
    "https://deno.land/x/rimbu@1.0.3/graph/custom/common/interface/variant-graph-base.ts": "835a269260d51a0707c7077bf367303b0b10d16e33077a822a9b3a584a9fa473",
    "https://deno.land/x/rimbu@1.0.3/graph/custom/common/link.ts": "9e3d2437a43c940d1be0d08919352c90964dc1bbffaaebe0188c1d6b7866d2ca",
    "https://deno.land/x/rimbu@1.0.3/graph/custom/common/valued-link.ts": "ccfb5d32ad75d314f1aca6f6a5ffdbfaa3d4d43abb7cf726f5b05787163df05d",
    "https://deno.land/x/rimbu@1.0.3/graph/custom/index.ts": "7f9bf8985de016c1e53fe415fc54e06237086d5b5091dea87f1ea028352896ab",
    "https://deno.land/x/rimbu@1.0.3/graph/custom/non-valued/implementation/builder.ts": "ae8c13cd30777ddad5372e2d85ad4de011495289608f58c32d562c682b5bf716",
    "https://deno.land/x/rimbu@1.0.3/graph/custom/non-valued/implementation/context.ts": "af22cf0dcc544228f2b5f86e3791cbddaf2a1249b2728d202e83fec21e45bd5c",
    "https://deno.land/x/rimbu@1.0.3/graph/custom/non-valued/implementation/empty.ts": "062f67f638a78f88246fcca5671d3d29784ee9215cc523fb84bb7d727568c0c1",
    "https://deno.land/x/rimbu@1.0.3/graph/custom/non-valued/implementation/non-empty.ts": "da365923890d44cdf6c4bca2bbc4f6ba8920d8657a8ea25868197c2d93111318",
    "https://deno.land/x/rimbu@1.0.3/graph/custom/non-valued/interface/arrow-graph-base.ts": "0c23707233f8606f5fba0b7bcfe61cb734d7b35088d4168434d1024ff9503049",
    "https://deno.land/x/rimbu@1.0.3/graph/custom/non-valued/interface/arrow-graph-creators.ts": "9de2d46d73626330631a59c5b6d036d1c6d56ffbe3c1f1beeb3b49fe279060bc",
    "https://deno.land/x/rimbu@1.0.3/graph/custom/non-valued/interface/edge-graph-base.ts": "48a1f2576d222f175b4198aea652239f2e5929be233b34e995ec82bc40eb8f2e",
    "https://deno.land/x/rimbu@1.0.3/graph/custom/non-valued/interface/edge-graph-creators.ts": "a2161d673186a39338e1915a09723d0e16345ecbaa5ce433c0d9d25967415cd9",
    "https://deno.land/x/rimbu@1.0.3/graph/custom/valued/implementation/builder.ts": "7cf41d728f45e601f631cfe3ccff7dc9698a7fe31a4b7eab6d22de4f83b1c8c3",
    "https://deno.land/x/rimbu@1.0.3/graph/custom/valued/implementation/context.ts": "1aa6fb1a5d717c0f6c0e8150deec8089b666a6ab508a83b471d2b5575d78a2d1",
    "https://deno.land/x/rimbu@1.0.3/graph/custom/valued/implementation/empty.ts": "c704b69d39627ccf312a07a1df4a2f60df0cea3eebd785815007ef4beda6529c",
    "https://deno.land/x/rimbu@1.0.3/graph/custom/valued/implementation/non-empty.ts": "d941ca4655ad980238a30d45fd71c0499faafb281a2f46af4fdb982c97d8b909",
    "https://deno.land/x/rimbu@1.0.3/graph/custom/valued/interface/arrow/arrow-valued-graph-base.ts": "63e17ece4cef77258f00380d4bd5525253be65e80d84dde199101f5efbe6f029",
    "https://deno.land/x/rimbu@1.0.3/graph/custom/valued/interface/arrow/arrow-valued-graph-creators.ts": "dd024b996561682b7aa02355508b90f1172bae3c49440fb965d3795b72fa2c47",
    "https://deno.land/x/rimbu@1.0.3/graph/custom/valued/interface/edge/edge-valued-graph-base.ts": "fc4de2c0c7c3c774f64d907dee94fa07b5d7557c60ff6f69192fd2e979bf3af3",
    "https://deno.land/x/rimbu@1.0.3/graph/custom/valued/interface/edge/edge-valued-graph-creators.ts": "107a9b41bd25ce52f1ff213e6a68b53d749ee2d00d232d3a55ded242c3f38245",
    "https://deno.land/x/rimbu@1.0.3/graph/custom/valued/interface/generic/valued-graph-base.ts": "49c70863f1c0fe48735bc5b01795cb2bbdefc525315420818abd76ba3f403a70",
    "https://deno.land/x/rimbu@1.0.3/graph/custom/valued/interface/generic/variant-valued-graph-base.ts": "f2663bbe9509dbb1d4749f3b47a93c5066969e08628bace31581775c9c5cf5f4",
    "https://deno.land/x/rimbu@1.0.3/graph/main/common/interface/graph.ts": "fad9c1d29543afb06d59f03877d65db562ca1fe74e0440c8e5c04a46a9ae77e2",
    "https://deno.land/x/rimbu@1.0.3/graph/main/common/interface/variant-graph.ts": "f1500c8b1f13d6857a6189441957f7eae58ff97bdf0caf5055e20d0511c94112",
    "https://deno.land/x/rimbu@1.0.3/graph/main/index.ts": "b8cea8093792a22400aa2757e19b932885aa6c1b3c1433a6ed8d9d093261b158",
    "https://deno.land/x/rimbu@1.0.3/graph/main/non-valued/interface/arrow/arrow-graph-hashed.ts": "07f15f17388995b3b4105c46f980829b654245a0301672acd1678decd7b47bfe",
    "https://deno.land/x/rimbu@1.0.3/graph/main/non-valued/interface/arrow/arrow-graph-sorted.ts": "b0076a4f774529bd2f7858dd2990f4a34c61c858c042990b0b491da1ce897706",
    "https://deno.land/x/rimbu@1.0.3/graph/main/non-valued/interface/arrow/arrow-graph.ts": "28e93eb022ee9e5ac19466fe5ac38da420360573825dc23588a09a165c4c0e14",
    "https://deno.land/x/rimbu@1.0.3/graph/main/non-valued/interface/edge/edge-graph-hashed.ts": "6e673e32f12ada00476daa60dd22d31ed4a67a064e16ac6e85bdbd42514f7ee8",
    "https://deno.land/x/rimbu@1.0.3/graph/main/non-valued/interface/edge/edge-graph-sorted.ts": "37f5dec1d403261d99a7be683f41f71f7c633e2490c5241c9208efc17777747b",
    "https://deno.land/x/rimbu@1.0.3/graph/main/non-valued/interface/edge/edge-graph.ts": "0cebc0f715250b0bb3049843713e74642cc9b51e59e673d5d21f17210d9fc608",
    "https://deno.land/x/rimbu@1.0.3/graph/main/traverse/index.ts": "96e7236484ff326e6e2d774217f7b0b8a0eb88688cb4fbbe13178e8252e4b8b4",
    "https://deno.land/x/rimbu@1.0.3/graph/main/traverse/traverse-base.ts": "8a9b645446c1ccdcab4d3ac9c394f0f4d9cb535fd1a63b796f6b72c20197f3ec",
    "https://deno.land/x/rimbu@1.0.3/graph/main/traverse/traverse-breadth-first.ts": "69a57445feacbb2b0e34eeb2faf40dd5b9e3eca7f8572f067b9f90e7097adaf2",
    "https://deno.land/x/rimbu@1.0.3/graph/main/traverse/traverse-depth-first.ts": "ff950f8d6c61f4ccd312bc5e3b643ba2c0d3eb6c2ee3148619f650063265d5e2",
    "https://deno.land/x/rimbu@1.0.3/graph/main/valued/interface/arrow/arrow-valued-graph-hashed.ts": "607b7d2e57e5b6b27d2f351f3284bda0925b688a8b17e8422a5426306c5c8b1e",
    "https://deno.land/x/rimbu@1.0.3/graph/main/valued/interface/arrow/arrow-valued-graph-sorted.ts": "f998c1d83792c41bc96ebfc5b978a42ed86750c8763e47645fd52c597c8c3729",
    "https://deno.land/x/rimbu@1.0.3/graph/main/valued/interface/arrow/arrow-valued-graph.ts": "ecb60446d3b4ee018a8840c8713c5e7a4d3851aabde27a6c831e654bd3d74b71",
    "https://deno.land/x/rimbu@1.0.3/graph/main/valued/interface/edge/edge-valued-graph-hashed.ts": "3515290f7707c27a047023ef7dc7384734306308c400030fed8446c91d716caa",
    "https://deno.land/x/rimbu@1.0.3/graph/main/valued/interface/edge/edge-valued-graph-sorted.ts": "617af239c90a0554bd58e526dbd9e4885cea6b3176e98802427fcfe6c4261f9c",
    "https://deno.land/x/rimbu@1.0.3/graph/main/valued/interface/edge/edge-valued-graph.ts": "84e63d63ee868004ccc1f414ece45f2c1ace0533ad78d0f9d7f7498796c0f026",
    "https://deno.land/x/rimbu@1.0.3/graph/main/valued/interface/generic/valued-graph.ts": "5a41dc4f3c8705e0ce5c0c60e5cd80ef6be416cb9e34601d3d00416cf3555884",
    "https://deno.land/x/rimbu@1.0.3/graph/main/valued/interface/generic/variant-valued-graph.ts": "b7fa890201a29f83d93d3820a335e3922e15a2f5486d02db56a54bce9851ea0a",
    "https://deno.land/x/rimbu@1.0.3/graph/mod.ts": "cb617a8c2ad18f0ac70d19b7fc95334e602025f7457b42b5f36aca7479687aba",
    "https://deno.land/x/rimbu@1.0.3/hashed/common/hashed-custom.ts": "d276d79cbd5b09a001ab7d1cd842c0d8e2ed092d3641bd79509705b9b8346456",
    "https://deno.land/x/rimbu@1.0.3/hashed/common/hasher.ts": "5eb327bf2bddc9b51ca59a7cd8a36790d01adcb45252ce742df7b880548de902",
    "https://deno.land/x/rimbu@1.0.3/hashed/common/index.ts": "5fdecfd1b0c4c0cdc610ec94cfb795fbf93d491d3f6f3e345554faca6652daee",
    "https://deno.land/x/rimbu@1.0.3/hashed/main/index.ts": "89abe16133a72f348b2de327e61430b1badef6e080e5a717c28d610d6f903fe8",
    "https://deno.land/x/rimbu@1.0.3/hashed/map-custom/implementation/builder.ts": "782d91d4ce9f701c768a1b70d4f508eb5738e83acc80d39b159b0302d3133de7",
    "https://deno.land/x/rimbu@1.0.3/hashed/map-custom/implementation/context.ts": "e165530117a81e07e0b3b8a9ee5463783e40ce21aa3ac0688d1d46de265271b1",
    "https://deno.land/x/rimbu@1.0.3/hashed/map-custom/implementation/immutable.ts": "7f679589a372b46de00572b67f906ad7e74fb65ca7314ee30a622f293d15a001",
    "https://deno.land/x/rimbu@1.0.3/hashed/map-custom/index.ts": "f020dcf538aaee128e5a73cb89aa3948fafdb56165c94854328e5924f963585f",
    "https://deno.land/x/rimbu@1.0.3/hashed/map-custom/interface.ts": "b4e53edb1b9b811c87293cd5a5ae285c9fafe2df4762301e598a97faae7b41f9",
    "https://deno.land/x/rimbu@1.0.3/hashed/map/index.ts": "672315c11020c8a5860b3b240cccb9ab6413fd09d4aeae48dac6971785c21387",
    "https://deno.land/x/rimbu@1.0.3/hashed/map/interface/index.ts": "9cc9d6687440082fe87857f873e0460111b7db24d381479bb8fead807d3bef37",
    "https://deno.land/x/rimbu@1.0.3/hashed/mod.ts": "cb617a8c2ad18f0ac70d19b7fc95334e602025f7457b42b5f36aca7479687aba",
    "https://deno.land/x/rimbu@1.0.3/hashed/set-custom/implementation/builder.ts": "62c9f13f9c946ef019044b18d0a12773988b0ab1b53e39981964eb8ddcdaae14",
    "https://deno.land/x/rimbu@1.0.3/hashed/set-custom/implementation/context.ts": "e89b452b1775e56b2c6f66097a147e444405dd3da8430d1e11bbe91e0618f774",
    "https://deno.land/x/rimbu@1.0.3/hashed/set-custom/implementation/immutable.ts": "0e6a71e684cf4bd68366f303859257ab253812fdd34fdd5ade55c51247252d7f",
    "https://deno.land/x/rimbu@1.0.3/hashed/set-custom/index.ts": "f020dcf538aaee128e5a73cb89aa3948fafdb56165c94854328e5924f963585f",
    "https://deno.land/x/rimbu@1.0.3/hashed/set-custom/interface.ts": "cb132b23d3be2c18e73799240882172d4b4e8d558d0a2d39d987d62a0505cb6d",
    "https://deno.land/x/rimbu@1.0.3/hashed/set/index.ts": "ce6821c73af124660813ad4695cc372366e842ac1752207735b55407288ffb16",
    "https://deno.land/x/rimbu@1.0.3/hashed/set/interface/index.ts": "69ec7b3a0216510db6db87835abdb20ebe0ee9d785913df9f301690f350468e5",
    "https://deno.land/x/rimbu@1.0.3/list/custom/builder/block-builder.ts": "17d90df34ca815fbeb092efe3d1b1ecfccb3c8fd896e381fcc46e8f94f20222d",
    "https://deno.land/x/rimbu@1.0.3/list/custom/builder/builder-base.ts": "71c39a62564a7710c2642c7cf805042c6a5b9ff1602926da92c7c87be8994a48",
    "https://deno.land/x/rimbu@1.0.3/list/custom/builder/gen-builder.ts": "b076c53a62e264e9105f2e0d6742328fff31a5172788bc532db4197afeacf56c",
    "https://deno.land/x/rimbu@1.0.3/list/custom/builder/leaf/block-builder.ts": "86228d893058d2d1d52f58341faaf79e4c94b336cee16df6da2b187a22b4f6e0",
    "https://deno.land/x/rimbu@1.0.3/list/custom/builder/leaf/leaf-builder.ts": "9e72e3919a6d235e54855001bea2a8fb50b21b6510e8a4c5dd9913ba4c5670f4",
    "https://deno.land/x/rimbu@1.0.3/list/custom/builder/leaf/tree-builder.ts": "ddb97e697ae87021971b75af43fb027a88aa21b17605114010454b63151ce341",
    "https://deno.land/x/rimbu@1.0.3/list/custom/builder/nonleaf/block-builder.ts": "cc41d5bff9ac2962737be47b7be6fc29c0189fc7454a7bd8599c758edcee98df",
    "https://deno.land/x/rimbu@1.0.3/list/custom/builder/nonleaf/nonleaf-builder.ts": "21e4c429349ffdc243ac1543ad5d64af215eae169e8cf81b066468068228b16a",
    "https://deno.land/x/rimbu@1.0.3/list/custom/builder/nonleaf/tree-builder.ts": "33e3cf54bc1f15780c03fad6914f46c8b66011e5d9ce8ff7fc39f9d8a794f1e4",
    "https://deno.land/x/rimbu@1.0.3/list/custom/builder/tree/tree-builder.ts": "c068805a74b9ab4b4363edb5de0c6b39fd6c69b6df54f6c64104c683b984f02a",
    "https://deno.land/x/rimbu@1.0.3/list/custom/context.ts": "767cdced3cf05baae8bcccd267e1d6d2a1f8d60f7a8077a7ae5b91d59edfc824",
    "https://deno.land/x/rimbu@1.0.3/list/custom/implementation/block.ts": "00bafca893ede6324dc1aa75a1b67ee25a8b258f7179bf094a39d0afe5910b44",
    "https://deno.land/x/rimbu@1.0.3/list/custom/implementation/cache-map.ts": "1eab76613f7e1ef6871203483f7798f70341c79ca0325b89b72b118045f3590c",
    "https://deno.land/x/rimbu@1.0.3/list/custom/implementation/empty.ts": "9fc9f3fd3cb77323146b167dda0d55db3c03a2124d2dc703cf25c4b9e1a75179",
    "https://deno.land/x/rimbu@1.0.3/list/custom/implementation/leaf/leaf-block.ts": "bb7dc3b561e3bbdb5144151bbc1ddc387a1dfaaefa6a1780f813fbf4bdf71bfc",
    "https://deno.land/x/rimbu@1.0.3/list/custom/implementation/leaf/leaf-tree.ts": "9d447b13ae68e13e0282d49b24f7e4a48b688696a7146213fe130379a0daffcf",
    "https://deno.land/x/rimbu@1.0.3/list/custom/implementation/leaf/non-empty.ts": "85705000ff92c7129884624e41e631930367b472b591aca2fc712c8cf88b37b5",
    "https://deno.land/x/rimbu@1.0.3/list/custom/implementation/nonleaf/interface.ts": "058342b05be3c2fcfc61679a043abdf68c4f44f001061c8987c95dc7826deeb2",
    "https://deno.land/x/rimbu@1.0.3/list/custom/implementation/nonleaf/nonleaf-block.ts": "fd5b385f2ba7e7287fe636436126a030244b41c2155840486def1c9a3362e40f",
    "https://deno.land/x/rimbu@1.0.3/list/custom/implementation/nonleaf/nonleaf-tree.ts": "8a6dc1e0dc3b40a47b0d952eb0b33916ed721208d3c3433ff5fbed418e33338a",
    "https://deno.land/x/rimbu@1.0.3/list/custom/implementation/tree/interface.ts": "ac8f921bacd9644ae1556c6eda1c309724a6d68262416827d83f47bce8a6083c",
    "https://deno.land/x/rimbu@1.0.3/list/custom/implementation/tree/operations.ts": "7845f21de36e7e5d189bb740560134aae50a64477ef8eed0de74c8c0a24d6f99",
    "https://deno.land/x/rimbu@1.0.3/list/custom/index.ts": "144b2b453ac69324acebc4e555d6e2011339e2d5af2a38ed7bb48acf8e0a3af2",
    "https://deno.land/x/rimbu@1.0.3/list/custom/interface.ts": "34a61a4535690b140e67cf1ce37ae259e0e9e32d4d6f1696b282d3eb392031c7",
    "https://deno.land/x/rimbu@1.0.3/list/main/index.ts": "15451f4b1f7a91c3565f311d2356fbe0bdc98e8851d44da3dd8cffb78ba07ec5",
    "https://deno.land/x/rimbu@1.0.3/list/main/interface.ts": "5c62c572154d8f6ca0bc57c2731944b22f7a92802c08defe198aa145099f0b06",
    "https://deno.land/x/rimbu@1.0.3/list/mod.ts": "cb617a8c2ad18f0ac70d19b7fc95334e602025f7457b42b5f36aca7479687aba",
    "https://deno.land/x/rimbu@1.0.3/ordered/main/index.ts": "5ae94f1c52fced5123a00ca858be42860dc7092ee2288fd9a9173bfabe6e62ee",
    "https://deno.land/x/rimbu@1.0.3/ordered/map-custom/implementation/builder.ts": "b3d186b0ff4aff5b625f00891c8eeed295ee7cd36d0942aad79253baa936d488",
    "https://deno.land/x/rimbu@1.0.3/ordered/map-custom/implementation/context.ts": "1c18ad631f14d9f6166bf570e668d2f6b0dc33905af0f0507e7330b355ccacac",
    "https://deno.land/x/rimbu@1.0.3/ordered/map-custom/implementation/empty.ts": "d9d38fd3e79229e5f81ee9a4f6d0b17a88c994f55469ddd678cc23ebd6af9d11",
    "https://deno.land/x/rimbu@1.0.3/ordered/map-custom/implementation/non-empty.ts": "35f8b0420478a0af072a5f62ddfaff840f9df141304d20794e1efe028e3a831f",
    "https://deno.land/x/rimbu@1.0.3/ordered/map-custom/index.ts": "b1e2135e8f70fc3f49998d6d214aebc2a023a134d7ce286abda07f89ec4751b4",
    "https://deno.land/x/rimbu@1.0.3/ordered/map-custom/interface/base.ts": "491d0f6031ec5c491067ac7778dbcde30b398244467712396a90b8efa2ca30d0",
    "https://deno.land/x/rimbu@1.0.3/ordered/map-custom/interface/creators.ts": "f750bb1e770dd95bd0ab84b4ec98b63bd3911e9ddce34100d4dc1f17ef1663bb",
    "https://deno.land/x/rimbu@1.0.3/ordered/map/index.ts": "5e1c64d5a5b9d3a0afdef08cf4fdf08e30f988d6709b34607248b91101001968",
    "https://deno.land/x/rimbu@1.0.3/ordered/map/interface/ordered-hash-map.ts": "ed23eb09819477761ca2fcff221834a1793443f04ace7ac0702c9eac4ccb032a",
    "https://deno.land/x/rimbu@1.0.3/ordered/map/interface/ordered-map.ts": "c44d78dd7ae36ab28273d9ccd3ba4b2f1c0466cc83f4566661e23ad7de7721b8",
    "https://deno.land/x/rimbu@1.0.3/ordered/map/interface/ordered-sorted-map.ts": "6e24bc3e95607688c780a187ca0a0626afbc3efc7e17c7b7aae7a33dc254c854",
    "https://deno.land/x/rimbu@1.0.3/ordered/mod.ts": "cb617a8c2ad18f0ac70d19b7fc95334e602025f7457b42b5f36aca7479687aba",
    "https://deno.land/x/rimbu@1.0.3/ordered/set-custom/implementation/builder.ts": "1d4fc1f9d56d4d09e345c5e8b9030ee4e197d02d4c5a936eabc03d00d976b27d",
    "https://deno.land/x/rimbu@1.0.3/ordered/set-custom/implementation/context.ts": "763c8f958cd90a9b0a6f04726fb83f4b32f76e7e6fdbaaa03ca40ac9fdb877a8",
    "https://deno.land/x/rimbu@1.0.3/ordered/set-custom/implementation/empty.ts": "3cdadc10d9aa09af34998f674c910fd57afd2da183016b85680f7f3d9e71f312",
    "https://deno.land/x/rimbu@1.0.3/ordered/set-custom/implementation/non-empty.ts": "8c6a38d613091a34edb98abea9ce06ce831fc437d05d52d854b6421815701cdd",
    "https://deno.land/x/rimbu@1.0.3/ordered/set-custom/index.ts": "b1e2135e8f70fc3f49998d6d214aebc2a023a134d7ce286abda07f89ec4751b4",
    "https://deno.land/x/rimbu@1.0.3/ordered/set-custom/interface/base.ts": "77e9d871f49155cab1bb1bd45bcdb6b50d659a633807c127df7b131e9bb29720",
    "https://deno.land/x/rimbu@1.0.3/ordered/set-custom/interface/creators.ts": "9a35e19b4bf3ee2f3025e6a1d3b665fab9e1fbe5d2d99e4338470364173e2874",
    "https://deno.land/x/rimbu@1.0.3/ordered/set/index.ts": "b156d304e3da3e6d234c9485f94e49a27f96adaaf2f99e01cfe7a4e83f023077",
    "https://deno.land/x/rimbu@1.0.3/ordered/set/interface/ordered-hash-set.ts": "02c1ad6f0d3b6867819422c705371c183e1e654c10ed29fdebf7515373c239f5",
    "https://deno.land/x/rimbu@1.0.3/ordered/set/interface/ordered-set.ts": "312cda039913a5ca1743d1ad3ce617b3c420fbd0ab19b5001b8fb7e2ba0e447a",
    "https://deno.land/x/rimbu@1.0.3/ordered/set/interface/ordered-sorted-set.ts": "f242c742a1dd2fbdd0308fbcf551244f1c043392f98d9010432431bfa465bf9a",
    "https://deno.land/x/rimbu@1.0.3/sorted/common/base.ts": "9359396556dad4f3cce1021ba521de022b3fb5adf7f0a9b8e315ba22654fa6db",
    "https://deno.land/x/rimbu@1.0.3/sorted/common/index.ts": "3d866b10033f80b9252ae4fdc99286808388a16eda84df91e4df974072a1367c",
    "https://deno.land/x/rimbu@1.0.3/sorted/common/sorted-index.ts": "c585660db90a83e863e7df2c350ce7ce21ddc8110e940801afd8f46fc8c7920d",
    "https://deno.land/x/rimbu@1.0.3/sorted/main/index.ts": "f9a9f415d8cc43ec939ff6b5c6ec56ff1b9a2c2911a772bc31b0dcc3232b76dd",
    "https://deno.land/x/rimbu@1.0.3/sorted/map-custom/creators.ts": "1722e2d85b58c0cfc9828aaa191794d515ba34ac1c7e06f614d39e2da204a377",
    "https://deno.land/x/rimbu@1.0.3/sorted/map-custom/implementation/builder.ts": "0ba1517e996564ba5aef421f87ad62a4904452a7a897c82e61ac9ba59319cf09",
    "https://deno.land/x/rimbu@1.0.3/sorted/map-custom/implementation/context.ts": "55a3963907143539565d03ce8edc1cf123ec6b18105bf1e52be226b768947e52",
    "https://deno.land/x/rimbu@1.0.3/sorted/map-custom/implementation/immutable.ts": "ba4d6f21631bf40462c6a879cf276cbc66a5ae8ae31a3ff3fec5a907b2f99b83",
    "https://deno.land/x/rimbu@1.0.3/sorted/map-custom/index.ts": "8dd2715354c0835177e9d2d756c4b17f9288c2ecab7ee09c12b9cb080da398fc",
    "https://deno.land/x/rimbu@1.0.3/sorted/map/index.ts": "d4cd672755b588f93728a225748350a55e3147fc9a74b07233ee6fa001447dab",
    "https://deno.land/x/rimbu@1.0.3/sorted/map/interface/index.ts": "109e109b241be44212b5367652fbba83e9b79ede830115c61da5e86ffab337b2",
    "https://deno.land/x/rimbu@1.0.3/sorted/mod.ts": "cb617a8c2ad18f0ac70d19b7fc95334e602025f7457b42b5f36aca7479687aba",
    "https://deno.land/x/rimbu@1.0.3/sorted/set-custom/creators.ts": "7f669565d23df309253acfd09cf970ba3e0054b98d75c5065fcc8b91ac1aaab4",
    "https://deno.land/x/rimbu@1.0.3/sorted/set-custom/implementation/builder.ts": "a937d9de6408e74c1d5a95316d8041947c62dcc31745d2f42fe10b17a735a702",
    "https://deno.land/x/rimbu@1.0.3/sorted/set-custom/implementation/context.ts": "4acb7600170e042eb6c2533d561aa3a040232f6ee06746a567989c5325142044",
    "https://deno.land/x/rimbu@1.0.3/sorted/set-custom/implementation/immutable.ts": "756aa0107bc795317fb9259f6f0dc7c39ccc15e864c2c4965e63b34dbfd63b06",
    "https://deno.land/x/rimbu@1.0.3/sorted/set-custom/index.ts": "8dd2715354c0835177e9d2d756c4b17f9288c2ecab7ee09c12b9cb080da398fc",
    "https://deno.land/x/rimbu@1.0.3/sorted/set/index.ts": "3ad775b88a240c732d0033ca4583a75636cf47b0781c63561cf07a80affabb39",
    "https://deno.land/x/rimbu@1.0.3/sorted/set/interface/index.ts": "08dbf5da5046bbb7361aa5bc18a2591702a6f14720f917b9b1617e370bd99b1d",
    "https://deno.land/x/rimbu@1.0.3/stream/async-custom/async-fast-iterator-base.ts": "05ae4de2504136a81ce21d063b250505d4b18269918013e8e5ddd3e9f142f9de",
    "https://deno.land/x/rimbu@1.0.3/stream/async-custom/async-stream-custom.ts": "3f8c3f141182b344289ca7bf57f0459502cb4f2f4e5f1de8583736900390abdf",
    "https://deno.land/x/rimbu@1.0.3/stream/async-custom/constructors.ts": "55d8e5f6dd8e1c9dfee5ed0e895e07151ffb716524a8d07d21fb4dbae8315293",
    "https://deno.land/x/rimbu@1.0.3/stream/async-custom/index.ts": "69df862e7fb6857a1d74eeffae1ba342e439dc10e5b09361e32844e51aef56e4",
    "https://deno.land/x/rimbu@1.0.3/stream/async-custom/utils.ts": "5a003d538f625b29cf8bccefdaecf99c60f7bea4abeed3410226c565f10ce5d7",
    "https://deno.land/x/rimbu@1.0.3/stream/async/async-fast-iterable.ts": "a823ef280d64f98205fa2d7c694fa0c4a5abdb38b37f973a71d681c58df1fa51",
    "https://deno.land/x/rimbu@1.0.3/stream/async/async-fast-iterator.ts": "f4619205ce43a204cc67462cefb1db0afd266a594de6e82435ed78cd55918a98",
    "https://deno.land/x/rimbu@1.0.3/stream/async/async-stream-source.ts": "c9ae81005a07f2a4a825bd9c0b89da99f014d95ca8e50975a35066cee79aa932",
    "https://deno.land/x/rimbu@1.0.3/stream/async/async-streamable.ts": "cbf9d32f5ffe617662599da6c06d4c8b500f6c191c1a67eaed796364c7de5ad4",
    "https://deno.land/x/rimbu@1.0.3/stream/async/async-transformer.ts": "6fde7f108c9800847db5064786a79256bfe1b5c67988bb5454a54152ffdcf40a",
    "https://deno.land/x/rimbu@1.0.3/stream/async/index.ts": "54f0718c9b2785e025f9ab277f1524a201846751f5e29f156d16ebf0492528a7",
    "https://deno.land/x/rimbu@1.0.3/stream/async/interface.ts": "a7ac5a316d936e29e372699c0663a426c9d5f654cbfd146966043f550ed31482",
    "https://deno.land/x/rimbu@1.0.3/stream/custom/constructors.ts": "644e5bc8bc9211b036f15988763500b14c1e24c25a7abf932e9894e2c052b686",
    "https://deno.land/x/rimbu@1.0.3/stream/custom/fast-iterator-custom.ts": "90ec4bbbc895b0dc718ffcb8f6e049adef07ed59b4bc340da2a73e15beb2ebff",
    "https://deno.land/x/rimbu@1.0.3/stream/custom/index.ts": "6f317eba53502da6199797a9e0e1539b86ecd12ee7eccd53bff853289f292940",
    "https://deno.land/x/rimbu@1.0.3/stream/custom/stream-custom.ts": "3bd3071a43cf77415559d4954f412aeeca810c956a84ad080f6dd3d4f205aadd",
    "https://deno.land/x/rimbu@1.0.3/stream/main/fast-iterable.ts": "460b4ad49b5159d7d06b6705aee8b2c50cda22da0edcf8811d29219f5f7ff2c8",
    "https://deno.land/x/rimbu@1.0.3/stream/main/fast-iterator.ts": "cf872324252cd752dd002f4726a67d2a5c15c8cb6ae98e6e0745c68be41492c8",
    "https://deno.land/x/rimbu@1.0.3/stream/main/index.ts": "b3de3232d82b39d8844556db0eedd0048367cd7289dd256fb8612d15363524f1",
    "https://deno.land/x/rimbu@1.0.3/stream/main/interface.ts": "917f254591959ea09982f6ee455995e27d8500c5682f9d9ea146b2fe8b2f4490",
    "https://deno.land/x/rimbu@1.0.3/stream/main/stream-source.ts": "78339f89f6ad9245d80093bed1b10ceedd60ff16ba8043d339cc87b0124d937e",
    "https://deno.land/x/rimbu@1.0.3/stream/main/streamable.ts": "6d74e918e8df7640de7dc16cff4d30d73aa069d7b816ffab8d10f17c5006d06d",
    "https://deno.land/x/rimbu@1.0.3/stream/main/transformer.ts": "7473a12a652af545157efb53c1273647103f731ed37aedfc37f0a960d21d4dc3",
    "https://deno.land/x/rimbu@1.0.3/stream/mod.ts": "cb617a8c2ad18f0ac70d19b7fc95334e602025f7457b42b5f36aca7479687aba",
    "https://deno.land/x/set_operations@v1.1.1/mod.ts": "218f43b18435762dc256cc4ec14baebb0902663b29c5110415bcb95bf0b3aee2",
    "https://deno.land/x/set_operations@v1.1.1/set_operations.ts": "47c9ff60a31f3671fb9943e51dbb21fa85a50b659de52c8fde80c9396d612151",
    "https://deno.land/x/typed_regex@0.1.0/api_types.ts": "340eb68cee4fe6d45bd12874faf20e5538770312ac585ae7ff670380d0f11368",
    "https://deno.land/x/typed_regex@0.1.0/mod.ts": "8c11c41661caebe7a7672e57ec84f3bafc45bbc77ccbce683fd7bb70986d998e",
    "https://deno.land/x/typed_regex@0.1.0/type_parser.ts": "1ead0b251381eeed854101d6986389a66d58ed0d63f46cbd48b6e8202e17df0b",
    "https://esm.sh/fast-check@3.14.0": "f88ab3e26b87f5f6c40da461aaa02a71f8d13b2ea87b8d703d4ddd51beb85fdf",
    "https://esm.sh/v135/base64-js@1.5.1/es2022/base64-js.mjs": "56594379eed23d8e1b5a5312cd48e179ec97ec7a5b55e24c75c58decca1f49e3",
    "https://esm.sh/v135/buffer@6.0.3/es2022/buffer.mjs": "8035f954f4483b847e34b46c0947a55b2af4db29d91718bf766212b3b2fabd7f",
    "https://esm.sh/v135/fast-check@3.14.0": "f88ab3e26b87f5f6c40da461aaa02a71f8d13b2ea87b8d703d4ddd51beb85fdf",
    "https://esm.sh/v135/fast-check@3.14.0/denonext/fast-check.mjs": "11b5fc425b0823aedff13c306e3a69918d1d5da752e329c6481a9d0321120109",
    "https://esm.sh/v135/fast-check@3.14.0/es2022/fast-check.mjs": "88b6a397bf9053e5beeca460d7ed0edbc462abc1c7f0c9918281353c58aa9424",
    "https://esm.sh/v135/ieee754@1.2.1/es2022/ieee754.mjs": "6e9f43f2599ed8bbcc9cdb19bf9d1b8caea9882fe4717c97edc397d363a5d1c7",
    "https://esm.sh/v135/pure-rand@6.0.4/denonext/pure-rand.mjs": "ca74036751eef7fa63a36b9b010f044c2823b09c9dda5839838b01736e9cb6ba",
    "https://esm.sh/v135/pure-rand@6.0.4/es2022/pure-rand.mjs": "9eab048b21128e894726b42617cf52d9d041459fdc12dd45da75f026ab948e52"
  }
}
